{
  "version": 4,
  "terraform_version": "0.12.21",
  "serial": 3,
  "lineage": "9c378d63-d893-fa1f-f6cc-e773314e78bc",
  "outputs": {
    "resource_group_name": {
      "value": "rg-trusting-goat",
      "type": "string"
    }
  },
  "resources": [
    {
      "mode": "managed",
      "type": "azurerm_resource_group",
      "name": "rg",
      "provider": "provider.azurerm",
      "instances": [
        {
          "schema_version": 0,
          "attributes": {
            "id": "/subscriptions/6102e9be-8d50-4a9b-ab7f-c5770e125b27/resourceGroups/rg-trusting-goat",
            "location": "northcentralus",
            "name": "rg-trusting-goat",
            "tags": null,
            "timeouts": null
          },
          "private": "eyJlMmJmYjczMC1lY2FhLTExZTYtOGY4OC0zNDM2M2JjN2M0YzAiOnsiY3JlYXRlIjo1NDAwMDAwMDAwMDAwLCJkZWxldGUiOjU0MDAwMDAwMDAwMDAsInJlYWQiOjMwMDAwMDAwMDAwMCwidXBkYXRlIjo1NDAwMDAwMDAwMDAwfX0=",
          "dependencies": [
            "random_pet.rg-name"
          ]
        }
      ]
    },
    {
      "mode": "managed",
      "type": "random_pet",
      "name": "rg-name",
      "provider": "provider.random",
      "instances": [
        {
          "schema_version": 0,
          "attributes": {
            "id": "rg-trusting-goat",
            "keepers": null,
            "length": 2,
            "prefix": "rg",
            "separator": "-"
          },
          "private": "bnVsbA=="
        }
      ]
    }
  ]
}
